
Microsoft Visual Studio Solution File, Format Version 12.00
# Visual Studio 15
VisualStudioVersion = 15.0.27004.2009
MinimumVisualStudioVersion = 10.0.40219.1
Project("{FAE04EC0-301F-11D3-BF4B-00C04F79EFBC}") = "eFormCommunicator", "eFormCommunicator\eFormCommunicator.csproj", "{BA524FAD-0323-4565-8ED2-2253E5460216}"
EndProject
Project("{FAE04EC0-301F-11D3-BF4B-00C04F79EFBC}") = "eFormCore", "eFormCore\eFormCore.csproj", "{C4E2AF2F-10A6-40FF-80E5-E3262ED76599}"
EndProject
Project("{FAE04EC0-301F-11D3-BF4B-00C04F79EFBC}") = "eFormData", "eFormData\eFormData.csproj", "{8B4A71AC-C214-4AB9-859D-66559F790133}"
EndProject
Project("{FAE04EC0-301F-11D3-BF4B-00C04F79EFBC}") = "eFormShared", "eFormShared\eFormShared.csproj", "{4E7B9DD0-B7CD-4E17-88CB-123D242AD2AE}"
EndProject
Project("{FAE04EC0-301F-11D3-BF4B-00C04F79EFBC}") = "eFormSqlController", "eFormSqlController\eFormSqlController.csproj", "{BFB5A715-3348-4A1C-97C6-0EE35E5A8DA5}"
EndProject
Project("{FAE04EC0-301F-11D3-BF4B-00C04F79EFBC}") = "eFormSubscriber", "eFormSubscriber\eFormSubscriber.csproj", "{7008B919-F965-4081-88B6-7004BB31D2BA}"
EndProject
Project("{FAE04EC0-301F-11D3-BF4B-00C04F79EFBC}") = "SourceCode", "SourceCode\SourceCode.csproj", "{4B3A5031-33E3-4862-83C4-E2EB6472C228}"
EndProject
Project("{FAE04EC0-301F-11D3-BF4B-00C04F79EFBC}") = "UnitTest", "UnitTest\UnitTest.csproj", "{2E3DF5C2-8A38-4A03-86D7-8D463C917E47}"
EndProject
Project("{FAE04EC0-301F-11D3-BF4B-00C04F79EFBC}") = "eForm.Messages", "eForm.Messages\eForm.Messages.csproj", "{06DADC7B-8C33-4BE8-AFAB-C783305E3AA2}"
EndProject
Project("{2150E333-8FDC-42A3-9474-1A3956D46DE8}") = "Tests", "Tests", "{57B09E49-C984-4052-9BEA-1B751B935064}"
EndProject
Project("{FAE04EC0-301F-11D3-BF4B-00C04F79EFBC}") = "eFormSDK.Tests", "eFormSDK.Tests\eFormSDK.Tests.csproj", "{CE8C964D-0404-4FDD-AE3C-E6873FA90478}"
EndProject
Project("{FAE04EC0-301F-11D3-BF4B-00C04F79EFBC}") = "eFormSDK.Integration.Tests", "eFormSDK.Integration.Tests\eFormSDK.Integration.Tests.csproj", "{02A7DE31-D726-44BF-91F4-2D3F81599942}"
EndProject
Global
	GlobalSection(SolutionConfigurationPlatforms) = preSolution
		Debug|Any CPU = Debug|Any CPU
		Debug|x64 = Debug|x64
		Release|Any CPU = Release|Any CPU
		Release|x64 = Release|x64
	EndGlobalSection
	GlobalSection(ProjectConfigurationPlatforms) = postSolution
		{BA524FAD-0323-4565-8ED2-2253E5460216}.Debug|Any CPU.ActiveCfg = Debug|Any CPU
		{BA524FAD-0323-4565-8ED2-2253E5460216}.Debug|Any CPU.Build.0 = Debug|Any CPU
		{BA524FAD-0323-4565-8ED2-2253E5460216}.Debug|x64.ActiveCfg = Debug|x64
		{BA524FAD-0323-4565-8ED2-2253E5460216}.Debug|x64.Build.0 = Debug|x64
		{BA524FAD-0323-4565-8ED2-2253E5460216}.Release|Any CPU.ActiveCfg = Release|x64
		{BA524FAD-0323-4565-8ED2-2253E5460216}.Release|x64.ActiveCfg = Release|x64
		{BA524FAD-0323-4565-8ED2-2253E5460216}.Release|x64.Build.0 = Release|x64
		{C4E2AF2F-10A6-40FF-80E5-E3262ED76599}.Debug|Any CPU.ActiveCfg = Debug|Any CPU
		{C4E2AF2F-10A6-40FF-80E5-E3262ED76599}.Debug|Any CPU.Build.0 = Debug|Any CPU
		{C4E2AF2F-10A6-40FF-80E5-E3262ED76599}.Debug|x64.ActiveCfg = Debug|x64
		{C4E2AF2F-10A6-40FF-80E5-E3262ED76599}.Debug|x64.Build.0 = Debug|x64
		{C4E2AF2F-10A6-40FF-80E5-E3262ED76599}.Release|Any CPU.ActiveCfg = Release|x64
		{C4E2AF2F-10A6-40FF-80E5-E3262ED76599}.Release|x64.ActiveCfg = Release|x64
		{C4E2AF2F-10A6-40FF-80E5-E3262ED76599}.Release|x64.Build.0 = Release|x64
		{8B4A71AC-C214-4AB9-859D-66559F790133}.Debug|Any CPU.ActiveCfg = Debug|Any CPU
		{8B4A71AC-C214-4AB9-859D-66559F790133}.Debug|Any CPU.Build.0 = Debug|Any CPU
		{8B4A71AC-C214-4AB9-859D-66559F790133}.Debug|x64.ActiveCfg = Debug|x64
		{8B4A71AC-C214-4AB9-859D-66559F790133}.Debug|x64.Build.0 = Debug|x64
		{8B4A71AC-C214-4AB9-859D-66559F790133}.Release|Any CPU.ActiveCfg = Release|x64
		{8B4A71AC-C214-4AB9-859D-66559F790133}.Release|x64.ActiveCfg = Release|x64
		{8B4A71AC-C214-4AB9-859D-66559F790133}.Release|x64.Build.0 = Release|x64
		{4E7B9DD0-B7CD-4E17-88CB-123D242AD2AE}.Debug|Any CPU.ActiveCfg = Debug|Any CPU
		{4E7B9DD0-B7CD-4E17-88CB-123D242AD2AE}.Debug|Any CPU.Build.0 = Debug|Any CPU
		{4E7B9DD0-B7CD-4E17-88CB-123D242AD2AE}.Debug|x64.ActiveCfg = Debug|x64
		{4E7B9DD0-B7CD-4E17-88CB-123D242AD2AE}.Debug|x64.Build.0 = Debug|x64
		{4E7B9DD0-B7CD-4E17-88CB-123D242AD2AE}.Release|Any CPU.ActiveCfg = Release|x64
		{4E7B9DD0-B7CD-4E17-88CB-123D242AD2AE}.Release|x64.ActiveCfg = Release|x64
		{4E7B9DD0-B7CD-4E17-88CB-123D242AD2AE}.Release|x64.Build.0 = Release|x64
		{BFB5A715-3348-4A1C-97C6-0EE35E5A8DA5}.Debug|Any CPU.ActiveCfg = Debug|Any CPU
		{BFB5A715-3348-4A1C-97C6-0EE35E5A8DA5}.Debug|Any CPU.Build.0 = Debug|Any CPU
		{BFB5A715-3348-4A1C-97C6-0EE35E5A8DA5}.Debug|x64.ActiveCfg = Debug|x64
		{BFB5A715-3348-4A1C-97C6-0EE35E5A8DA5}.Debug|x64.Build.0 = Debug|x64
		{BFB5A715-3348-4A1C-97C6-0EE35E5A8DA5}.Release|Any CPU.ActiveCfg = Release|Any CPU
		{BFB5A715-3348-4A1C-97C6-0EE35E5A8DA5}.Release|Any CPU.Build.0 = Release|Any CPU
		{BFB5A715-3348-4A1C-97C6-0EE35E5A8DA5}.Release|x64.ActiveCfg = Release|x64
		{BFB5A715-3348-4A1C-97C6-0EE35E5A8DA5}.Release|x64.Build.0 = Release|x64
		{7008B919-F965-4081-88B6-7004BB31D2BA}.Debug|Any CPU.ActiveCfg = Debug|Any CPU
		{7008B919-F965-4081-88B6-7004BB31D2BA}.Debug|Any CPU.Build.0 = Debug|Any CPU
		{7008B919-F965-4081-88B6-7004BB31D2BA}.Debug|x64.ActiveCfg = Debug|x64
		{7008B919-F965-4081-88B6-7004BB31D2BA}.Debug|x64.Build.0 = Debug|x64
		{7008B919-F965-4081-88B6-7004BB31D2BA}.Release|Any CPU.ActiveCfg = Release|x64
		{7008B919-F965-4081-88B6-7004BB31D2BA}.Release|x64.ActiveCfg = Release|x64
		{7008B919-F965-4081-88B6-7004BB31D2BA}.Release|x64.Build.0 = Release|x64
		{4B3A5031-33E3-4862-83C4-E2EB6472C228}.Debug|Any CPU.ActiveCfg = Debug|Any CPU
		{4B3A5031-33E3-4862-83C4-E2EB6472C228}.Debug|Any CPU.Build.0 = Debug|Any CPU
		{4B3A5031-33E3-4862-83C4-E2EB6472C228}.Debug|x64.ActiveCfg = Debug|x64
		{4B3A5031-33E3-4862-83C4-E2EB6472C228}.Debug|x64.Build.0 = Debug|x64
		{4B3A5031-33E3-4862-83C4-E2EB6472C228}.Release|Any CPU.ActiveCfg = Release|x64
		{4B3A5031-33E3-4862-83C4-E2EB6472C228}.Release|x64.ActiveCfg = Release|x64
		{4B3A5031-33E3-4862-83C4-E2EB6472C228}.Release|x64.Build.0 = Release|x64
		{2E3DF5C2-8A38-4A03-86D7-8D463C917E47}.Debug|Any CPU.ActiveCfg = Debug|Any CPU
		{2E3DF5C2-8A38-4A03-86D7-8D463C917E47}.Debug|Any CPU.Build.0 = Debug|Any CPU
		{2E3DF5C2-8A38-4A03-86D7-8D463C917E47}.Debug|x64.ActiveCfg = Debug|x64
		{2E3DF5C2-8A38-4A03-86D7-8D463C917E47}.Debug|x64.Build.0 = Debug|x64
		{2E3DF5C2-8A38-4A03-86D7-8D463C917E47}.Release|Any CPU.ActiveCfg = Release|x64
		{2E3DF5C2-8A38-4A03-86D7-8D463C917E47}.Release|x64.ActiveCfg = Release|x64
		{2E3DF5C2-8A38-4A03-86D7-8D463C917E47}.Release|x64.Build.0 = Release|x64
		{06DADC7B-8C33-4BE8-AFAB-C783305E3AA2}.Debug|Any CPU.ActiveCfg = Debug|Any CPU
		{06DADC7B-8C33-4BE8-AFAB-C783305E3AA2}.Debug|Any CPU.Build.0 = Debug|Any CPU
		{06DADC7B-8C33-4BE8-AFAB-C783305E3AA2}.Debug|x64.ActiveCfg = Debug|Any CPU
		{06DADC7B-8C33-4BE8-AFAB-C783305E3AA2}.Debug|x64.Build.0 = Debug|Any CPU
		{06DADC7B-8C33-4BE8-AFAB-C783305E3AA2}.Release|Any CPU.ActiveCfg = Release|Any CPU
		{06DADC7B-8C33-4BE8-AFAB-C783305E3AA2}.Release|Any CPU.Build.0 = Release|Any CPU
		{06DADC7B-8C33-4BE8-AFAB-C783305E3AA2}.Release|x64.ActiveCfg = Release|Any CPU
		{06DADC7B-8C33-4BE8-AFAB-C783305E3AA2}.Release|x64.Build.0 = Release|Any CPU
		{CE8C964D-0404-4FDD-AE3C-E6873FA90478}.Debug|Any CPU.ActiveCfg = Debug|Any CPU
		{CE8C964D-0404-4FDD-AE3C-E6873FA90478}.Debug|Any CPU.Build.0 = Debug|Any CPU
		{CE8C964D-0404-4FDD-AE3C-E6873FA90478}.Debug|x64.ActiveCfg = Debug|Any CPU
		{CE8C964D-0404-4FDD-AE3C-E6873FA90478}.Debug|x64.Build.0 = Debug|Any CPU
		{CE8C964D-0404-4FDD-AE3C-E6873FA90478}.Release|Any CPU.ActiveCfg = Release|Any CPU
		{CE8C964D-0404-4FDD-AE3C-E6873FA90478}.Release|Any CPU.Build.0 = Release|Any CPU
		{CE8C964D-0404-4FDD-AE3C-E6873FA90478}.Release|x64.ActiveCfg = Release|Any CPU
		{CE8C964D-0404-4FDD-AE3C-E6873FA90478}.Release|x64.Build.0 = Release|Any CPU
		{02A7DE31-D726-44BF-91F4-2D3F81599942}.Debug|Any CPU.ActiveCfg = Debug|Any CPU
		{02A7DE31-D726-44BF-91F4-2D3F81599942}.Debug|Any CPU.Build.0 = Debug|Any CPU
		{02A7DE31-D726-44BF-91F4-2D3F81599942}.Debug|x64.ActiveCfg = Debug|Any CPU
		{02A7DE31-D726-44BF-91F4-2D3F81599942}.Debug|x64.Build.0 = Debug|Any CPU
		{02A7DE31-D726-44BF-91F4-2D3F81599942}.Release|Any CPU.ActiveCfg = Release|Any CPU
		{02A7DE31-D726-44BF-91F4-2D3F81599942}.Release|Any CPU.Build.0 = Release|Any CPU
		{02A7DE31-D726-44BF-91F4-2D3F81599942}.Release|x64.ActiveCfg = Release|Any CPU
		{02A7DE31-D726-44BF-91F4-2D3F81599942}.Release|x64.Build.0 = Release|Any CPU
	EndGlobalSection
	GlobalSection(SolutionProperties) = preSolution
		HideSolutionNode = FALSE
	EndGlobalSection
	GlobalSection(NestedProjects) = preSolution
		{CE8C964D-0404-4FDD-AE3C-E6873FA90478} = {57B09E49-C984-4052-9BEA-1B751B935064}
		{02A7DE31-D726-44BF-91F4-2D3F81599942} = {57B09E49-C984-4052-9BEA-1B751B935064}
	EndGlobalSection
	GlobalSection(ExtensibilityGlobals) = postSolution
		SolutionGuid = {6B279AEB-A7EB-4E8D-A8C0-58FA9062CD38}
	EndGlobalSection
EndGlobal
